// !$*UTF8*$!
{
	archiveVersion = 1;
	classes = {
	};
	objectVersion = 46;
	objects = {

/* Begin PBXBuildFile section */
		C05A7CFF1C0C6B5F00478B4D /* Bolts.framework in Frameworks */ = {isa = PBXBuildFile; fileRef = C05A7CFC1C0C6B5F00478B4D /* Bolts.framework */; };
		C05A7D001C0C6B5F00478B4D /* FBSDKCoreKit.framework in Frameworks */ = {isa = PBXBuildFile; fileRef = C05A7CFD1C0C6B5F00478B4D /* FBSDKCoreKit.framework */; };
		C05A7D011C0C6B5F00478B4D /* FBSDKLoginKit.framework in Frameworks */ = {isa = PBXBuildFile; fileRef = C05A7CFE1C0C6B5F00478B4D /* FBSDKLoginKit.framework */; };
		C05A7D041C0C748F00478B4D /* DataService.swift in Sources */ = {isa = PBXBuildFile; fileRef = C05A7D031C0C748F00478B4D /* DataService.swift */; };
		C0B46C8F1C08C68600129F9F /* AppDelegate.swift in Sources */ = {isa = PBXBuildFile; fileRef = C0B46C8E1C08C68600129F9F /* AppDelegate.swift */; };
		C0B46C911C08C68600129F9F /* ViewController.swift in Sources */ = {isa = PBXBuildFile; fileRef = C0B46C901C08C68600129F9F /* ViewController.swift */; };
		C0B46C941C08C68600129F9F /* Main.storyboard in Resources */ = {isa = PBXBuildFile; fileRef = C0B46C921C08C68600129F9F /* Main.storyboard */; };
		C0B46C991C08C68600129F9F /* LaunchScreen.storyboard in Resources */ = {isa = PBXBuildFile; fileRef = C0B46C971C08C68600129F9F /* LaunchScreen.storyboard */; };
		C0B46CA81C08D06C00129F9F /* NotoSans-Bold.ttf in Resources */ = {isa = PBXBuildFile; fileRef = C0B46CA41C08D06C00129F9F /* NotoSans-Bold.ttf */; };
		C0B46CA91C08D06C00129F9F /* NotoSans-BoldItalic.ttf in Resources */ = {isa = PBXBuildFile; fileRef = C0B46CA51C08D06C00129F9F /* NotoSans-BoldItalic.ttf */; };
		C0B46CAA1C08D06C00129F9F /* NotoSans-Italic.ttf in Resources */ = {isa = PBXBuildFile; fileRef = C0B46CA61C08D06C00129F9F /* NotoSans-Italic.ttf */; };
		C0B46CAB1C08D06C00129F9F /* NotoSans-Regular.ttf in Resources */ = {isa = PBXBuildFile; fileRef = C0B46CA71C08D06C00129F9F /* NotoSans-Regular.ttf */; };
		C0B46CAD1C08D34C00129F9F /* MaterialView.swift in Sources */ = {isa = PBXBuildFile; fileRef = C0B46CAC1C08D34C00129F9F /* MaterialView.swift */; };
		C0B46CB01C08D39800129F9F /* Constants.swift in Sources */ = {isa = PBXBuildFile; fileRef = C0B46CAF1C08D39800129F9F /* Constants.swift */; };
		C0B46CB21C08D74800129F9F /* MaterialButton.swift in Sources */ = {isa = PBXBuildFile; fileRef = C0B46CB11C08D74800129F9F /* MaterialButton.swift */; };
		C0B46CB41C08DAD200129F9F /* MaterialTextField.swift in Sources */ = {isa = PBXBuildFile; fileRef = C0B46CB31C08DAD200129F9F /* MaterialTextField.swift */; };
		C0DA69E11C0CA72000A990EB /* FeedVC.swift in Sources */ = {isa = PBXBuildFile; fileRef = C0DA69E01C0CA72000A990EB /* FeedVC.swift */; };
		C0DA69E31C0CA80400A990EB /* PostCell.swift in Sources */ = {isa = PBXBuildFile; fileRef = C0DA69E21C0CA80400A990EB /* PostCell.swift */; };
		C0DA69E51C0DB92900A990EB /* Assets.xcassets in Resources */ = {isa = PBXBuildFile; fileRef = C0DA69E41C0DB92900A990EB /* Assets.xcassets */; };
		C0DA69E71C0DBDE700A990EB /* Post.swift in Sources */ = {isa = PBXBuildFile; fileRef = C0DA69E61C0DBDE700A990EB /* Post.swift */; };
		D2EC1A8E3159BE113EA266E0 /* Pods_badrich_showcase.framework in Frameworks */ = {isa = PBXBuildFile; fileRef = CA4794F2CA235E4EC275B1E1 /* Pods_badrich_showcase.framework */; };
/* End PBXBuildFile section */

/* Begin PBXFileReference section */
		07DBE41E131917DF5764CBE1 /* Pods-badrich-showcase.debug.xcconfig */ = {isa = PBXFileReference; includeInIndex = 1; lastKnownFileType = text.xcconfig; name = "Pods-badrich-showcase.debug.xcconfig"; path = "Pods/Target Support Files/Pods-badrich-showcase/Pods-badrich-showcase.debug.xcconfig"; sourceTree = "<group>"; };
		C05A7CFC1C0C6B5F00478B4D /* Bolts.framework */ = {isa = PBXFileReference; lastKnownFileType = wrapper.framework; path = Bolts.framework; sourceTree = "<group>"; };
		C05A7CFD1C0C6B5F00478B4D /* FBSDKCoreKit.framework */ = {isa = PBXFileReference; lastKnownFileType = wrapper.framework; path = FBSDKCoreKit.framework; sourceTree = "<group>"; };
		C05A7CFE1C0C6B5F00478B4D /* FBSDKLoginKit.framework */ = {isa = PBXFileReference; lastKnownFileType = wrapper.framework; path = FBSDKLoginKit.framework; sourceTree = "<group>"; };
		C05A7D031C0C748F00478B4D /* DataService.swift */ = {isa = PBXFileReference; fileEncoding = 4; lastKnownFileType = sourcecode.swift; path = DataService.swift; sourceTree = "<group>"; };
		C0B46C8B1C08C68600129F9F /* badrich-showcase.app */ = {isa = PBXFileReference; explicitFileType = wrapper.application; includeInIndex = 0; path = "badrich-showcase.app"; sourceTree = BUILT_PRODUCTS_DIR; };
		C0B46C8E1C08C68600129F9F /* AppDelegate.swift */ = {isa = PBXFileReference; lastKnownFileType = sourcecode.swift; path = AppDelegate.swift; sourceTree = "<group>"; };
		C0B46C901C08C68600129F9F /* ViewController.swift */ = {isa = PBXFileReference; lastKnownFileType = sourcecode.swift; path = ViewController.swift; sourceTree = "<group>"; };
		C0B46C931C08C68600129F9F /* Base */ = {isa = PBXFileReference; lastKnownFileType = file.storyboard; name = Base; path = Base.lproj/Main.storyboard; sourceTree = "<group>"; };
		C0B46C981C08C68600129F9F /* Base */ = {isa = PBXFileReference; lastKnownFileType = file.storyboard; name = Base; path = Base.lproj/LaunchScreen.storyboard; sourceTree = "<group>"; };
		C0B46C9A1C08C68600129F9F /* Info.plist */ = {isa = PBXFileReference; lastKnownFileType = text.plist.xml; path = Info.plist; sourceTree = "<group>"; };
		C0B46CA41C08D06C00129F9F /* NotoSans-Bold.ttf */ = {isa = PBXFileReference; lastKnownFileType = file; path = "NotoSans-Bold.ttf"; sourceTree = "<group>"; };
		C0B46CA51C08D06C00129F9F /* NotoSans-BoldItalic.ttf */ = {isa = PBXFileReference; lastKnownFileType = file; path = "NotoSans-BoldItalic.ttf"; sourceTree = "<group>"; };
		C0B46CA61C08D06C00129F9F /* NotoSans-Italic.ttf */ = {isa = PBXFileReference; lastKnownFileType = file; path = "NotoSans-Italic.ttf"; sourceTree = "<group>"; };
		C0B46CA71C08D06C00129F9F /* NotoSans-Regular.ttf */ = {isa = PBXFileReference; lastKnownFileType = file; path = "NotoSans-Regular.ttf"; sourceTree = "<group>"; };
		C0B46CAC1C08D34C00129F9F /* MaterialView.swift */ = {isa = PBXFileReference; fileEncoding = 4; lastKnownFileType = sourcecode.swift; path = MaterialView.swift; sourceTree = "<group>"; };
		C0B46CAF1C08D39800129F9F /* Constants.swift */ = {isa = PBXFileReference; fileEncoding = 4; lastKnownFileType = sourcecode.swift; path = Constants.swift; sourceTree = "<group>"; };
		C0B46CB11C08D74800129F9F /* MaterialButton.swift */ = {isa = PBXFileReference; fileEncoding = 4; lastKnownFileType = sourcecode.swift; path = MaterialButton.swift; sourceTree = "<group>"; };
		C0B46CB31C08DAD200129F9F /* MaterialTextField.swift */ = {isa = PBXFileReference; fileEncoding = 4; lastKnownFileType = sourcecode.swift; path = MaterialTextField.swift; sourceTree = "<group>"; };
		C0DA69E01C0CA72000A990EB /* FeedVC.swift */ = {isa = PBXFileReference; fileEncoding = 4; lastKnownFileType = sourcecode.swift; path = FeedVC.swift; sourceTree = "<group>"; };
		C0DA69E21C0CA80400A990EB /* PostCell.swift */ = {isa = PBXFileReference; fileEncoding = 4; lastKnownFileType = sourcecode.swift; path = PostCell.swift; sourceTree = "<group>"; };
		C0DA69E41C0DB92900A990EB /* Assets.xcassets */ = {isa = PBXFileReference; lastKnownFileType = folder.assetcatalog; path = Assets.xcassets; sourceTree = "<group>"; };
		C0DA69E61C0DBDE700A990EB /* Post.swift */ = {isa = PBXFileReference; fileEncoding = 4; lastKnownFileType = sourcecode.swift; path = Post.swift; sourceTree = "<group>"; };
		CA4794F2CA235E4EC275B1E1 /* Pods_badrich_showcase.framework */ = {isa = PBXFileReference; explicitFileType = wrapper.framework; includeInIndex = 0; path = Pods_badrich_showcase.framework; sourceTree = BUILT_PRODUCTS_DIR; };
		ED954F387AAE6D6C2ECEF4EB /* Pods-badrich-showcase.release.xcconfig */ = {isa = PBXFileReference; includeInIndex = 1; lastKnownFileType = text.xcconfig; name = "Pods-badrich-showcase.release.xcconfig"; path = "Pods/Target Support Files/Pods-badrich-showcase/Pods-badrich-showcase.release.xcconfig"; sourceTree = "<group>"; };
/* End PBXFileReference section */

/* Begin PBXFrameworksBuildPhase section */
		C0B46C881C08C68600129F9F /* Frameworks */ = {
			isa = PBXFrameworksBuildPhase;
			buildActionMask = 2147483647;
			files = (
				C05A7CFF1C0C6B5F00478B4D /* Bolts.framework in Frameworks */,
				C05A7D001C0C6B5F00478B4D /* FBSDKCoreKit.framework in Frameworks */,
				C05A7D011C0C6B5F00478B4D /* FBSDKLoginKit.framework in Frameworks */,
				D2EC1A8E3159BE113EA266E0 /* Pods_badrich_showcase.framework in Frameworks */,
			);
			runOnlyForDeploymentPostprocessing = 0;
		};
/* End PBXFrameworksBuildPhase section */

/* Begin PBXGroup section */
		29310107DC050370E4CCD112 /* Frameworks */ = {
			isa = PBXGroup;
			children = (
				CA4794F2CA235E4EC275B1E1 /* Pods_badrich_showcase.framework */,
			);
			name = Frameworks;
			sourceTree = "<group>";
		};
		B21382B3EBB093E4CC8C2E79 /* Pods */ = {
			isa = PBXGroup;
			children = (
				07DBE41E131917DF5764CBE1 /* Pods-badrich-showcase.debug.xcconfig */,
				ED954F387AAE6D6C2ECEF4EB /* Pods-badrich-showcase.release.xcconfig */,
			);
			name = Pods;
			sourceTree = "<group>";
		};
		C05A7CFB1C0C6B4600478B4D /* Frameworks */ = {
			isa = PBXGroup;
			children = (
				C05A7CFC1C0C6B5F00478B4D /* Bolts.framework */,
				C05A7CFD1C0C6B5F00478B4D /* FBSDKCoreKit.framework */,
				C05A7CFE1C0C6B5F00478B4D /* FBSDKLoginKit.framework */,
			);
			name = Frameworks;
			sourceTree = "<group>";
		};
		C05A7D021C0C747300478B4D /* Services */ = {
			isa = PBXGroup;
			children = (
				C05A7D031C0C748F00478B4D /* DataService.swift */,
			);
			name = Services;
			sourceTree = "<group>";
		};
		C0B46C821C08C68600129F9F = {
			isa = PBXGroup;
			children = (
				C0B46C8D1C08C68600129F9F /* badrich-showcase */,
				C0B46C8C1C08C68600129F9F /* Products */,
				B21382B3EBB093E4CC8C2E79 /* Pods */,
				29310107DC050370E4CCD112 /* Frameworks */,
			);
			sourceTree = "<group>";
		};
		C0B46C8C1C08C68600129F9F /* Products */ = {
			isa = PBXGroup;
			children = (
				C0B46C8B1C08C68600129F9F /* badrich-showcase.app */,
			);
			name = Products;
			sourceTree = "<group>";
		};
		C0B46C8D1C08C68600129F9F /* badrich-showcase */ = {
			isa = PBXGroup;
			children = (
				C0B46CA01C08D02B00129F9F /* Model */,
				C0B46CA11C08D03200129F9F /* View */,
				C0B46CA21C08D03800129F9F /* Controller */,
				C05A7D021C0C747300478B4D /* Services */,
				C0B46CA31C08D04800129F9F /* Resources */,
				C0B46CAE1C08D38B00129F9F /* Util */,
				C05A7CFB1C0C6B4600478B4D /* Frameworks */,
				C0B46C8E1C08C68600129F9F /* AppDelegate.swift */,
				C0B46C921C08C68600129F9F /* Main.storyboard */,
				C0B46C971C08C68600129F9F /* LaunchScreen.storyboard */,
				C0B46C9A1C08C68600129F9F /* Info.plist */,
				C0DA69E41C0DB92900A990EB /* Assets.xcassets */,
			);
			path = "badrich-showcase";
			sourceTree = "<group>";
		};
		C0B46CA01C08D02B00129F9F /* Model */ = {
			isa = PBXGroup;
			children = (
				C0DA69E61C0DBDE700A990EB /* Post.swift */,
			);
			name = Model;
			sourceTree = "<group>";
		};
		C0B46CA11C08D03200129F9F /* View */ = {
			isa = PBXGroup;
			children = (
				C0B46CAC1C08D34C00129F9F /* MaterialView.swift */,
				C0B46CB11C08D74800129F9F /* MaterialButton.swift */,
				C0B46CB31C08DAD200129F9F /* MaterialTextField.swift */,
				C0DA69E21C0CA80400A990EB /* PostCell.swift */,
			);
			name = View;
			sourceTree = "<group>";
		};
		C0B46CA21C08D03800129F9F /* Controller */ = {
			isa = PBXGroup;
			children = (
				C0B46C901C08C68600129F9F /* ViewController.swift */,
				C0DA69E01C0CA72000A990EB /* FeedVC.swift */,
			);
			name = Controller;
			sourceTree = "<group>";
		};
		C0B46CA31C08D04800129F9F /* Resources */ = {
			isa = PBXGroup;
			children = (
				C0B46CA41C08D06C00129F9F /* NotoSans-Bold.ttf */,
				C0B46CA51C08D06C00129F9F /* NotoSans-BoldItalic.ttf */,
				C0B46CA61C08D06C00129F9F /* NotoSans-Italic.ttf */,
				C0B46CA71C08D06C00129F9F /* NotoSans-Regular.ttf */,
			);
			name = Resources;
			sourceTree = "<group>";
		};
		C0B46CAE1C08D38B00129F9F /* Util */ = {
			isa = PBXGroup;
			children = (
				C0B46CAF1C08D39800129F9F /* Constants.swift */,
			);
			name = Util;
			sourceTree = "<group>";
		};
/* End PBXGroup section */

/* Begin PBXNativeTarget section */
		C0B46C8A1C08C68600129F9F /* badrich-showcase */ = {
			isa = PBXNativeTarget;
			buildConfigurationList = C0B46C9D1C08C68600129F9F /* Build configuration list for PBXNativeTarget "badrich-showcase" */;
			buildPhases = (
				EB44A85A518B352017791D0B /* Check Pods Manifest.lock */,
				C0B46C871C08C68600129F9F /* Sources */,
				C0B46C881C08C68600129F9F /* Frameworks */,
				C0B46C891C08C68600129F9F /* Resources */,
				736F43DFA465D82AF1919B74 /* Embed Pods Frameworks */,
				637F5C451FF038C6FB04DB7A /* Copy Pods Resources */,
			);
			buildRules = (
			);
			dependencies = (
			);
			name = "badrich-showcase";
			productName = "badrich-showcase";
			productReference = C0B46C8B1C08C68600129F9F /* badrich-showcase.app */;
			productType = "com.apple.product-type.application";
		};
/* End PBXNativeTarget section */

/* Begin PBXProject section */
		C0B46C831C08C68600129F9F /* Project object */ = {
			isa = PBXProject;
			attributes = {
				LastSwiftUpdateCheck = 0710;
				LastUpgradeCheck = 0710;
				ORGANIZATIONNAME = "Mehdaoui Badr";
				TargetAttributes = {
					C0B46C8A1C08C68600129F9F = {
						CreatedOnToolsVersion = 7.1.1;
					};
				};
			};
			buildConfigurationList = C0B46C861C08C68600129F9F /* Build configuration list for PBXProject "badrich-showcase" */;
			compatibilityVersion = "Xcode 3.2";
			developmentRegion = English;
			hasScannedForEncodings = 0;
			knownRegions = (
				en,
				Base,
			);
			mainGroup = C0B46C821C08C68600129F9F;
			productRefGroup = C0B46C8C1C08C68600129F9F /* Products */;
			projectDirPath = "";
			projectRoot = "";
			targets = (
				C0B46C8A1C08C68600129F9F /* badrich-showcase */,
			);
		};
/* End PBXProject section */

/* Begin PBXResourcesBuildPhase section */
		C0B46C891C08C68600129F9F /* Resources */ = {
			isa = PBXResourcesBuildPhase;
			buildActionMask = 2147483647;
			files = (
				C0B46CA81C08D06C00129F9F /* NotoSans-Bold.ttf in Resources */,
				C0B46C991C08C68600129F9F /* LaunchScreen.storyboard in Resources */,
				C0B46CA91C08D06C00129F9F /* NotoSans-BoldItalic.ttf in Resources */,
				C0B46CAA1C08D06C00129F9F /* NotoSans-Italic.ttf in Resources */,
				C0DA69E51C0DB92900A990EB /* Assets.xcassets in Resources */,
				C0B46C941C08C68600129F9F /* Main.storyboard in Resources */,
				C0B46CAB1C08D06C00129F9F /* NotoSans-Regular.ttf in Resources */,
			);
			runOnlyForDeploymentPostprocessing = 0;
		};
/* End PBXResourcesBuildPhase section */

/* Begin PBXShellScriptBuildPhase section */
		637F5C451FF038C6FB04DB7A /* Copy Pods Resources */ = {
			isa = PBXShellScriptBuildPhase;
			buildActionMask = 2147483647;
			files = (
			);
			inputPaths = (
			);
			name = "Copy Pods Resources";
			outputPaths = (
			);
			runOnlyForDeploymentPostprocessing = 0;
			shellPath = /bin/sh;
			shellScript = "\"${SRCROOT}/Pods/Target Support Files/Pods-badrich-showcase/Pods-badrich-showcase-resources.sh\"\n";
			showEnvVarsInLog = 0;
		};
		736F43DFA465D82AF1919B74 /* Embed Pods Frameworks */ = {
			isa = PBXShellScriptBuildPhase;
			buildActionMask = 2147483647;
			files = (
			);
			inputPaths = (
			);
			name = "Embed Pods Frameworks";
			outputPaths = (
			);
			runOnlyForDeploymentPostprocessing = 0;
			shellPath = /bin/sh;
			shellScript = "\"${SRCROOT}/Pods/Target Support Files/Pods-badrich-showcase/Pods-badrich-showcase-frameworks.sh\"\n";
			showEnvVarsInLog = 0;
		};
		EB44A85A518B352017791D0B /* Check Pods Manifest.lock */ = {
			isa = PBXShellScriptBuildPhase;
			buildActionMask = 2147483647;
			files = (
			);
			inputPaths = (
			);
			name = "Check Pods Manifest.lock";
			outputPaths = (
			);
			runOnlyForDeploymentPostprocessing = 0;
			shellPath = /bin/sh;
			shellScript = "diff \"${PODS_ROOT}/../Podfile.lock\" \"${PODS_ROOT}/Manifest.lock\" > /dev/null\nif [[ $? != 0 ]] ; then\n    cat << EOM\nerror: The sandbox is not in sync with the Podfile.lock. Run 'pod install' or update your CocoaPods installation.\nEOM\n    exit 1\nfi\n";
			showEnvVarsInLog = 0;
		};
/* End PBXShellScriptBuildPhase section */

/* Begin PBXSourcesBuildPhase section */
		C0B46C871C08C68600129F9F /* Sources */ = {
			isa = PBXSourcesBuildPhase;
			buildActionMask = 2147483647;
			files = (
				C0B46CB41C08DAD200129F9F /* MaterialTextField.swift in Sources */,
				C05A7D041C0C748F00478B4D /* DataService.swift in Sources */,
				C0B46CAD1C08D34C00129F9F /* MaterialView.swift in Sources */,
				C0B46C911C08C68600129F9F /* ViewController.swift in Sources */,
				C0DA69E11C0CA72000A990EB /* FeedVC.swift in Sources */,
				C0DA69E31C0CA80400A990EB /* PostCell.swift in Sources */,
				C0B46C8F1C08C68600129F9F /* AppDelegate.swift in Sources */,
				C0B46CB01C08D39800129F9F /* Constants.swift in Sources */,
				C0B46CB21C08D74800129F9F /* MaterialButton.swift in Sources */,
				C0DA69E71C0DBDE700A990EB /* Post.swift in Sources */,
			);
			runOnlyForDeploymentPostprocessing = 0;
		};
/* End PBXSourcesBuildPhase section */

/* Begin PBXVariantGroup section */
		C0B46C921C08C68600129F9F /* Main.storyboard */ = {
			isa = PBXVariantGroup;
			children = (
				C0B46C931C08C68600129F9F /* Base */,
			);
			name = Main.storyboard;
			sourceTree = "<group>";
		};
		C0B46C971C08C68600129F9F /* LaunchScreen.storyboard */ = {
			isa = PBXVariantGroup;
			children = (
				C0B46C981C08C68600129F9F /* Base */,
			);
			name = LaunchScreen.storyboard;
			sourceTree = "<group>";
		};
/* End PBXVariantGroup section */

/* Begin XCBuildConfiguration section */
		C0B46C9B1C08C68600129F9F /* Debug */ = {
			isa = XCBuildConfiguration;
			buildSettings = {
				ALWAYS_SEARCH_USER_PATHS = NO;
				CLANG_CXX_LANGUAGE_STANDARD = "gnu++0x";
				CLANG_CXX_LIBRARY = "libc++";
				CLANG_ENABLE_MODULES = YES;
				CLANG_ENABLE_OBJC_ARC = YES;
				CLANG_WARN_BOOL_CONVERSION = YES;
				CLANG_WARN_CONSTANT_CONVERSION = YES;
				CLANG_WARN_DIRECT_OBJC_ISA_USAGE = YES_ERROR;
				CLANG_WARN_EMPTY_BODY = YES;
				CLANG_WARN_ENUM_CONVERSION = YES;
				CLANG_WARN_INT_CONVERSION = YES;
				CLANG_WARN_OBJC_ROOT_CLASS = YES_ERROR;
				CLANG_WARN_UNREACHABLE_CODE = YES;
				CLANG_WARN__DUPLICATE_METHOD_MATCH = YES;
				"CODE_SIGN_IDENTITY[sdk=iphoneos*]" = "iPhone Developer";
				COPY_PHASE_STRIP = NO;
				DEBUG_INFORMATION_FORMAT = dwarf;
				ENABLE_STRICT_OBJC_MSGSEND = YES;
				ENABLE_TESTABILITY = YES;
				GCC_C_LANGUAGE_STANDARD = gnu99;
				GCC_DYNAMIC_NO_PIC = NO;
				GCC_NO_COMMON_BLOCKS = YES;
				GCC_OPTIMIZATION_LEVEL = 0;
				GCC_PREPROCESSOR_DEFINITIONS = (
					"DEBUG=1",
					"$(inherited)",
				);
				GCC_WARN_64_TO_32_BIT_CONVERSION = YES;
				GCC_WARN_ABOUT_RETURN_TYPE = YES_ERROR;
				GCC_WARN_UNDECLARED_SELECTOR = YES;
				GCC_WARN_UNINITIALIZED_AUTOS = YES_AGGRESSIVE;
				GCC_WARN_UNUSED_FUNCTION = YES;
				GCC_WARN_UNUSED_VARIABLE = YES;
				IPHONEOS_DEPLOYMENT_TARGET = 9.1;
				MTL_ENABLE_DEBUG_INFO = YES;
				ONLY_ACTIVE_ARCH = YES;
				SDKROOT = iphoneos;
				SWIFT_OPTIMIZATION_LEVEL = "-Onone";
				TARGETED_DEVICE_FAMILY = "1,2";
			};
			name = Debug;
		};
		C0B46C9C1C08C68600129F9F /* Release */ = {
			isa = XCBuildConfiguration;
			buildSettings = {
				ALWAYS_SEARCH_USER_PATHS = NO;
				CLANG_CXX_LANGUAGE_STANDARD = "gnu++0x";
				CLANG_CXX_LIBRARY = "libc++";
				CLANG_ENABLE_MODULES = YES;
				CLANG_ENABLE_OBJC_ARC = YES;
				CLANG_WARN_BOOL_CONVERSION = YES;
				CLANG_WARN_CONSTANT_CONVERSION = YES;
				CLANG_WARN_DIRECT_OBJC_ISA_USAGE = YES_ERROR;
				CLANG_WARN_EMPTY_BODY = YES;
				CLANG_WARN_ENUM_CONVERSION = YES;
				CLANG_WARN_INT_CONVERSION = YES;
				CLANG_WARN_OBJC_ROOT_CLASS = YES_ERROR;
				CLANG_WARN_UNREACHABLE_CODE = YES;
				CLANG_WARN__DUPLICATE_METHOD_MATCH = YES;
				"CODE_SIGN_IDENTITY[sdk=iphoneos*]" = "iPhone Developer";
				COPY_PHASE_STRIP = NO;
				DEBUG_INFORMATION_FORMAT = "dwarf-with-dsym";
				ENABLE_NS_ASSERTIONS = NO;
				ENABLE_STRICT_OBJC_MSGSEND = YES;
				GCC_C_LANGUAGE_STANDARD = gnu99;
				GCC_NO_COMMON_BLOCKS = YES;
				GCC_WARN_64_TO_32_BIT_CONVERSION = YES;
				GCC_WARN_ABOUT_RETURN_TYPE = YES_ERROR;
				GCC_WARN_UNDECLARED_SELECTOR = YES;
				GCC_WARN_UNINITIALIZED_AUTOS = YES_AGGRESSIVE;
				GCC_WARN_UNUSED_FUNCTION = YES;
				GCC_WARN_UNUSED_VARIABLE = YES;
				IPHONEOS_DEPLOYMENT_TARGET = 9.1;
				MTL_ENABLE_DEBUG_INFO = NO;
				SDKROOT = iphoneos;
				TARGETED_DEVICE_FAMILY = "1,2";
				VALIDATE_PRODUCT = YES;
			};
			name = Release;
		};
		C0B46C9E1C08C68600129F9F /* Debug */ = {
			isa = XCBuildConfiguration;
			baseConfigurationReference = 07DBE41E131917DF5764CBE1 /* Pods-badrich-showcase.debug.xcconfig */;
			buildSettings = {
				ASSETCATALOG_COMPILER_APPICON_NAME = AppIcon;
				ENABLE_BITCODE = YES;
				FRAMEWORK_SEARCH_PATHS = (
					"$(inherited)",
					"$(PROJECT_DIR)/badrich-showcase",
				);
				INFOPLIST_FILE = "badrich-showcase/Info.plist";
				LD_RUNPATH_SEARCH_PATHS = "$(inherited) @executable_path/Frameworks";
				PRODUCT_BUNDLE_IDENTIFIER = "com.badr.badrich-showcase";
				PRODUCT_NAME = "$(TARGET_NAME)";
			};
			name = Debug;
		};
		C0B46C9F1C08C68600129F9F /* Release */ = {
			isa = XCBuildConfiguration;
			baseConfigurationReference = ED954F387AAE6D6C2ECEF4EB /* Pods-badrich-showcase.release.xcconfig */;
			buildSettings = {
				ASSETCATALOG_COMPILER_APPICON_NAME = AppIcon;
				ENABLE_BITCODE = YES;
				FRAMEWORK_SEARCH_PATHS = (
					"$(inherited)",
					"$(PROJECT_DIR)/badrich-showcase",
				);
				INFOPLIST_FILE = "badrich-showcase/Info.plist";
				LD_RUNPATH_SEARCH_PATHS = "$(inherited) @executable_path/Frameworks";
				PRODUCT_BUNDLE_IDENTIFIER = "com.badr.badrich-showcase";
				PRODUCT_NAME = "$(TARGET_NAME)";
			};
			name = Release;
		};
/* End XCBuildConfiguration section */

/* Begin XCConfigurationList section */
		C0B46C861C08C68600129F9F /* Build configuration list for PBXProject "badrich-showcase" */ = {
			isa = XCConfigurationList;
			buildConfigurations = (
				C0B46C9B1C08C68600129F9F /* Debug */,
				C0B46C9C1C08C68600129F9F /* Release */,
			);
			defaultConfigurationIsVisible = 0;
			defaultConfigurationName = Release;
		};
		C0B46C9D1C08C68600129F9F /* Build configuration list for PBXNativeTarget "badrich-showcase" */ = {
			isa = XCConfigurationList;
			buildConfigurations = (
				C0B46C9E1C08C68600129F9F /* Debug */,
				C0B46C9F1C08C68600129F9F /* Release */,
			);
			defaultConfigurationIsVisible = 0;
			defaultConfigurationName = Release;
		};
/* End XCConfigurationList section */
	};
	rootObject = C0B46C831C08C68600129F9F /* Project object */;
}
